
Microsoft Visual Studio Solution File, Format Version 12.00
# Visual Studio Version 17
VisualStudioVersion = 17.5.33424.131
MinimumVisualStudioVersion = 10.0.40219.1
Project("{FAE04EC0-301F-11D3-BF4B-00C04F79EFBC}") = "HermesChat", "HermesChat\HermesChat.csproj", "{4F0F1A59-4B3F-4AE5-9DB5-F4175841F87E}"
EndProject
Global
	GlobalSection(SolutionConfigurationPlatforms) = preSolution
		Debug|Any CPU = Debug|Any CPU
		Release|Any CPU = Release|Any CPU
	EndGlobalSection
	GlobalSection(ProjectConfigurationPlatforms) = postSolution
		{4F0F1A59-4B3F-4AE5-9DB5-F4175841F87E}.Debug|Any CPU.ActiveCfg = Debug|Any CPU
		{4F0F1A59-4B3F-4AE5-9DB5-F4175841F87E}.Debug|Any CPU.Build.0 = Debug|Any CPU
		{4F0F1A59-4B3F-4AE5-9DB5-F4175841F87E}.Release|Any CPU.ActiveCfg = Release|Any CPU
		{4F0F1A59-4B3F-4AE5-9DB5-F4175841F87E}.Release|Any CPU.Build.0 = Release|Any CPU
	EndGlobalSection
	GlobalSection(SolutionProperties) = preSolution
		HideSolutionNode = FALSE
	EndGlobalSection
	GlobalSection(ExtensibilityGlobals) = postSolution
		SolutionGuid = {F57E7725-6786-4068-A4C1-0D91B61923CB}
	EndGlobalSection
EndGlobal
